
Microsoft Visual Studio Solution File, Format Version 12.00
# Visual Studio Version 17
VisualStudioVersion = 17.0.31919.166
MinimumVisualStudioVersion = 10.0.40219.1
Project("{9A19103F-16F7-4668-BE54-9A1E7A4F7556}") = "coreWeb_MVC", "coreWeb_MVC\coreWeb_MVC.csproj", "{1213E2BD-3CD1-4DDE-94AA-A046F57A094D}"
EndProject
Global
	GlobalSection(SolutionConfigurationPlatforms) = preSolution
		Debug|Any CPU = Debug|Any CPU
		Release|Any CPU = Release|Any CPU
	EndGlobalSection
	GlobalSection(ProjectConfigurationPlatforms) = postSolution
		{1213E2BD-3CD1-4DDE-94AA-A046F57A094D}.Debug|Any CPU.ActiveCfg = Debug|Any CPU
		{1213E2BD-3CD1-4DDE-94AA-A046F57A094D}.Debug|Any CPU.Build.0 = Debug|Any CPU
		{1213E2BD-3CD1-4DDE-94AA-A046F57A094D}.Release|Any CPU.ActiveCfg = Release|Any CPU
		{1213E2BD-3CD1-4DDE-94AA-A046F57A094D}.Release|Any CPU.Build.0 = Release|Any CPU
	EndGlobalSection
	GlobalSection(SolutionProperties) = preSolution
		HideSolutionNode = FALSE
	EndGlobalSection
	GlobalSection(ExtensibilityGlobals) = postSolution
		SolutionGuid = {045D15AA-BA8E-40A2-BAA0-EE3F52AF1E19}
	EndGlobalSection
EndGlobal
